
Microsoft Visual Studio Solution File, Format Version 12.00
# Visual Studio Version 17
VisualStudioVersion = 17.7.34031.279
MinimumVisualStudioVersion = 10.0.40219.1
Project("{FAE04EC0-301F-11D3-BF4B-00C04F79EFBC}") = "Actividad3pr._.", "..\Actividad3pr._\Actividad3pr._..csproj", "{9B5AA340-A2A8-4D19-BF2B-C9F02456E34C}"
EndProject
Global
	GlobalSection(SolutionConfigurationPlatforms) = preSolution
		Debug|Any CPU = Debug|Any CPU
		Release|Any CPU = Release|Any CPU
	EndGlobalSection
	GlobalSection(ProjectConfigurationPlatforms) = postSolution
		{9B5AA340-A2A8-4D19-BF2B-C9F02456E34C}.Debug|Any CPU.ActiveCfg = Debug|Any CPU
		{9B5AA340-A2A8-4D19-BF2B-C9F02456E34C}.Debug|Any CPU.Build.0 = Debug|Any CPU
		{9B5AA340-A2A8-4D19-BF2B-C9F02456E34C}.Release|Any CPU.ActiveCfg = Release|Any CPU
		{9B5AA340-A2A8-4D19-BF2B-C9F02456E34C}.Release|Any CPU.Build.0 = Release|Any CPU
	EndGlobalSection
	GlobalSection(SolutionProperties) = preSolution
		HideSolutionNode = FALSE
	EndGlobalSection
	GlobalSection(ExtensibilityGlobals) = postSolution
		SolutionGuid = {5C1AF0B5-F2B7-494F-932A-90268538C1E4}
	EndGlobalSection
EndGlobal
